
Microsoft Visual Studio Solution File, Format Version 12.00
# Visual Studio Version 16
VisualStudioVersion = 16.0.30011.22
MinimumVisualStudioVersion = 10.0.40219.1
Project("{9A19103F-16F7-4668-BE54-9A1E7A4F7556}") = "DRRestService", "DRRestService\DRRestService.csproj", "{0BFC350C-9238-44ED-B051-CED6A3680431}"
EndProject
Project("{FAE04EC0-301F-11D3-BF4B-00C04F79EFBC}") = "modelLib", "modelLib\modelLib.csproj", "{873EA1A4-3951-41C9-B5BC-6B6C3E5C0D62}"
EndProject
Project("{FAE04EC0-301F-11D3-BF4B-00C04F79EFBC}") = "DRRestServiceTests", "DRRestServiceTests\DRRestServiceTests.csproj", "{E88B3D83-834D-4B0D-B6AC-40D126BA8680}"
EndProject
Project("{FAE04EC0-301F-11D3-BF4B-00C04F79EFBC}") = "consumeRest", "consumeRest\consumeRest.csproj", "{B6FA0103-1FD3-47D3-B707-311976C1D639}"
EndProject
Global
	GlobalSection(SolutionConfigurationPlatforms) = preSolution
		Debug|Any CPU = Debug|Any CPU
		Release|Any CPU = Release|Any CPU
	EndGlobalSection
	GlobalSection(ProjectConfigurationPlatforms) = postSolution
		{0BFC350C-9238-44ED-B051-CED6A3680431}.Debug|Any CPU.ActiveCfg = Debug|Any CPU
		{0BFC350C-9238-44ED-B051-CED6A3680431}.Debug|Any CPU.Build.0 = Debug|Any CPU
		{0BFC350C-9238-44ED-B051-CED6A3680431}.Release|Any CPU.ActiveCfg = Release|Any CPU
		{0BFC350C-9238-44ED-B051-CED6A3680431}.Release|Any CPU.Build.0 = Release|Any CPU
		{873EA1A4-3951-41C9-B5BC-6B6C3E5C0D62}.Debug|Any CPU.ActiveCfg = Debug|Any CPU
		{873EA1A4-3951-41C9-B5BC-6B6C3E5C0D62}.Debug|Any CPU.Build.0 = Debug|Any CPU
		{873EA1A4-3951-41C9-B5BC-6B6C3E5C0D62}.Release|Any CPU.ActiveCfg = Release|Any CPU
		{873EA1A4-3951-41C9-B5BC-6B6C3E5C0D62}.Release|Any CPU.Build.0 = Release|Any CPU
		{E88B3D83-834D-4B0D-B6AC-40D126BA8680}.Debug|Any CPU.ActiveCfg = Debug|Any CPU
		{E88B3D83-834D-4B0D-B6AC-40D126BA8680}.Debug|Any CPU.Build.0 = Debug|Any CPU
		{E88B3D83-834D-4B0D-B6AC-40D126BA8680}.Release|Any CPU.ActiveCfg = Release|Any CPU
		{E88B3D83-834D-4B0D-B6AC-40D126BA8680}.Release|Any CPU.Build.0 = Release|Any CPU
		{B6FA0103-1FD3-47D3-B707-311976C1D639}.Debug|Any CPU.ActiveCfg = Debug|Any CPU
		{B6FA0103-1FD3-47D3-B707-311976C1D639}.Debug|Any CPU.Build.0 = Debug|Any CPU
		{B6FA0103-1FD3-47D3-B707-311976C1D639}.Release|Any CPU.ActiveCfg = Release|Any CPU
		{B6FA0103-1FD3-47D3-B707-311976C1D639}.Release|Any CPU.Build.0 = Release|Any CPU
	EndGlobalSection
	GlobalSection(SolutionProperties) = preSolution
		HideSolutionNode = FALSE
	EndGlobalSection
	GlobalSection(ExtensibilityGlobals) = postSolution
		SolutionGuid = {C80BA530-4680-4C89-8AAC-D3B0D272DB4B}
	EndGlobalSection
EndGlobal
